
Microsoft Visual Studio Solution File, Format Version 12.00
# Visual Studio 2017
Project("{FAE04EC0-301F-11D3-BF4B-00C04F79EFBC}") = "Ghost", "Ghost.csproj", "{99CC6812-D8BA-68E3-CF46-396B2FADE2ED}"
EndProject
Project("{FAE04EC0-301F-11D3-BF4B-00C04F79EFBC}") = "Ghost.Plugins", "Ghost.Plugins.csproj", "{970010D0-DEC9-B23A-F174-A71ACF75B3EC}"
EndProject
Project("{FAE04EC0-301F-11D3-BF4B-00C04F79EFBC}") = "Ghost.Editor.Plugins", "Ghost.Editor.Plugins.csproj", "{C8F3BAF8-F3C7-7990-E6ED-E1AAB7B9E432}"
EndProject
Project("{FAE04EC0-301F-11D3-BF4B-00C04F79EFBC}") = "Ghost.Editor", "Ghost.Editor.csproj", "{5ABFA93C-2950-B4FB-E6E7-A27CDADC751C}"
EndProject
Global
	GlobalSection(SolutionConfigurationPlatforms) = preSolution
		Debug|Any CPU = Debug|Any CPU
		Release|Any CPU = Release|Any CPU
	EndGlobalSection
	GlobalSection(ProjectConfigurationPlatforms) = postSolution
		{99CC6812-D8BA-68E3-CF46-396B2FADE2ED}.Debug|Any CPU.ActiveCfg = Debug|Any CPU
		{99CC6812-D8BA-68E3-CF46-396B2FADE2ED}.Debug|Any CPU.Build.0 = Debug|Any CPU
		{99CC6812-D8BA-68E3-CF46-396B2FADE2ED}.Release|Any CPU.ActiveCfg = Release|Any CPU
		{99CC6812-D8BA-68E3-CF46-396B2FADE2ED}.Release|Any CPU.Build.0 = Release|Any CPU
		{970010D0-DEC9-B23A-F174-A71ACF75B3EC}.Debug|Any CPU.ActiveCfg = Debug|Any CPU
		{970010D0-DEC9-B23A-F174-A71ACF75B3EC}.Debug|Any CPU.Build.0 = Debug|Any CPU
		{970010D0-DEC9-B23A-F174-A71ACF75B3EC}.Release|Any CPU.ActiveCfg = Release|Any CPU
		{970010D0-DEC9-B23A-F174-A71ACF75B3EC}.Release|Any CPU.Build.0 = Release|Any CPU
		{C8F3BAF8-F3C7-7990-E6ED-E1AAB7B9E432}.Debug|Any CPU.ActiveCfg = Debug|Any CPU
		{C8F3BAF8-F3C7-7990-E6ED-E1AAB7B9E432}.Debug|Any CPU.Build.0 = Debug|Any CPU
		{C8F3BAF8-F3C7-7990-E6ED-E1AAB7B9E432}.Release|Any CPU.ActiveCfg = Release|Any CPU
		{C8F3BAF8-F3C7-7990-E6ED-E1AAB7B9E432}.Release|Any CPU.Build.0 = Release|Any CPU
		{5ABFA93C-2950-B4FB-E6E7-A27CDADC751C}.Debug|Any CPU.ActiveCfg = Debug|Any CPU
		{5ABFA93C-2950-B4FB-E6E7-A27CDADC751C}.Debug|Any CPU.Build.0 = Debug|Any CPU
		{5ABFA93C-2950-B4FB-E6E7-A27CDADC751C}.Release|Any CPU.ActiveCfg = Release|Any CPU
		{5ABFA93C-2950-B4FB-E6E7-A27CDADC751C}.Release|Any CPU.Build.0 = Release|Any CPU
	EndGlobalSection
	GlobalSection(SolutionProperties) = preSolution
		HideSolutionNode = FALSE
	EndGlobalSection
EndGlobal
